
Microsoft Visual Studio Solution File, Format Version 12.00
# Visual Studio Version 17
VisualStudioVersion = 17.9.34723.18
MinimumVisualStudioVersion = 10.0.40219.1
Project("{FAE04EC0-301F-11D3-BF4B-00C04F79EFBC}") = "SignalRChat", "SignalRChat.csproj", "{DD905E52-7FDA-4151-BC55-1DE637E4EABA}"
EndProject
Global
	GlobalSection(SolutionConfigurationPlatforms) = preSolution
		Debug|Any CPU = Debug|Any CPU
		Release|Any CPU = Release|Any CPU
	EndGlobalSection
	GlobalSection(ProjectConfigurationPlatforms) = postSolution
		{DD905E52-7FDA-4151-BC55-1DE637E4EABA}.Debug|Any CPU.ActiveCfg = Debug|Any CPU
		{DD905E52-7FDA-4151-BC55-1DE637E4EABA}.Debug|Any CPU.Build.0 = Debug|Any CPU
		{DD905E52-7FDA-4151-BC55-1DE637E4EABA}.Release|Any CPU.ActiveCfg = Release|Any CPU
		{DD905E52-7FDA-4151-BC55-1DE637E4EABA}.Release|Any CPU.Build.0 = Release|Any CPU
	EndGlobalSection
	GlobalSection(SolutionProperties) = preSolution
		HideSolutionNode = FALSE
	EndGlobalSection
	GlobalSection(ExtensibilityGlobals) = postSolution
		SolutionGuid = {5907932D-6496-4B07-AFA2-47F9F92C71A8}
	EndGlobalSection
EndGlobal
